
Microsoft Visual Studio Solution File, Format Version 12.00
# Visual Studio Version 17
VisualStudioVersion = 17.1.32328.378
MinimumVisualStudioVersion = 10.0.40219.1
Project("{FAE04EC0-301F-11D3-BF4B-00C04F79EFBC}") = "20190111-01-c", "20190111-01-c.csproj", "{4B78A409-8C1F-41CB-9D7C-B1547CB6C213}"
EndProject
Global
	GlobalSection(SolutionConfigurationPlatforms) = preSolution
		Debug|Any CPU = Debug|Any CPU
		Release|Any CPU = Release|Any CPU
	EndGlobalSection
	GlobalSection(ProjectConfigurationPlatforms) = postSolution
		{4B78A409-8C1F-41CB-9D7C-B1547CB6C213}.Debug|Any CPU.ActiveCfg = Debug|Any CPU
		{4B78A409-8C1F-41CB-9D7C-B1547CB6C213}.Debug|Any CPU.Build.0 = Debug|Any CPU
		{4B78A409-8C1F-41CB-9D7C-B1547CB6C213}.Release|Any CPU.ActiveCfg = Release|Any CPU
		{4B78A409-8C1F-41CB-9D7C-B1547CB6C213}.Release|Any CPU.Build.0 = Release|Any CPU
	EndGlobalSection
	GlobalSection(SolutionProperties) = preSolution
		HideSolutionNode = FALSE
	EndGlobalSection
	GlobalSection(ExtensibilityGlobals) = postSolution
		SolutionGuid = {54AE2326-C5B0-44CF-94C6-B6C1A01D2CC2}
	EndGlobalSection
EndGlobal
