
Microsoft Visual Studio Solution File, Format Version 12.00
# Visual Studio Version 17
VisualStudioVersion = 17.1.32328.378
MinimumVisualStudioVersion = 10.0.40219.1
Project("{FAE04EC0-301F-11D3-BF4B-00C04F79EFBC}") = "2019-01-a", "2019-01-a.csproj", "{FC768475-75DF-453C-AC2C-F86CCB24DE01}"
EndProject
Global
	GlobalSection(SolutionConfigurationPlatforms) = preSolution
		Debug|Any CPU = Debug|Any CPU
		Release|Any CPU = Release|Any CPU
	EndGlobalSection
	GlobalSection(ProjectConfigurationPlatforms) = postSolution
		{FC768475-75DF-453C-AC2C-F86CCB24DE01}.Debug|Any CPU.ActiveCfg = Debug|Any CPU
		{FC768475-75DF-453C-AC2C-F86CCB24DE01}.Debug|Any CPU.Build.0 = Debug|Any CPU
		{FC768475-75DF-453C-AC2C-F86CCB24DE01}.Release|Any CPU.ActiveCfg = Release|Any CPU
		{FC768475-75DF-453C-AC2C-F86CCB24DE01}.Release|Any CPU.Build.0 = Release|Any CPU
	EndGlobalSection
	GlobalSection(SolutionProperties) = preSolution
		HideSolutionNode = FALSE
	EndGlobalSection
	GlobalSection(ExtensibilityGlobals) = postSolution
		SolutionGuid = {D08AA5FA-3447-4C67-BC3C-4204BA098B17}
	EndGlobalSection
EndGlobal
